
Microsoft Visual Studio Solution File, Format Version 12.00
# Visual Studio Version 17
VisualStudioVersion = 17.4.33110.190
MinimumVisualStudioVersion = 10.0.40219.1
Project("{FAE04EC0-301F-11D3-BF4B-00C04F79EFBC}") = "APagarReceber", "APagarReceber\APagarReceber.csproj", "{66C3C4A3-AE3F-4661-A3AE-E8C3CA23B82C}"
EndProject
Global
	GlobalSection(SolutionConfigurationPlatforms) = preSolution
		Debug|Any CPU = Debug|Any CPU
		Release|Any CPU = Release|Any CPU
	EndGlobalSection
	GlobalSection(ProjectConfigurationPlatforms) = postSolution
		{66C3C4A3-AE3F-4661-A3AE-E8C3CA23B82C}.Debug|Any CPU.ActiveCfg = Debug|Any CPU
		{66C3C4A3-AE3F-4661-A3AE-E8C3CA23B82C}.Debug|Any CPU.Build.0 = Debug|Any CPU
		{66C3C4A3-AE3F-4661-A3AE-E8C3CA23B82C}.Release|Any CPU.ActiveCfg = Release|Any CPU
		{66C3C4A3-AE3F-4661-A3AE-E8C3CA23B82C}.Release|Any CPU.Build.0 = Release|Any CPU
	EndGlobalSection
	GlobalSection(SolutionProperties) = preSolution
		HideSolutionNode = FALSE
	EndGlobalSection
	GlobalSection(ExtensibilityGlobals) = postSolution
		SolutionGuid = {7A8B8CD6-6A26-4102-877B-0649E1B0DD6E}
	EndGlobalSection
EndGlobal
